
Microsoft Visual Studio Solution File, Format Version 12.00
# Visual Studio Version 17
VisualStudioVersion = 17.0.31903.59
MinimumVisualStudioVersion = 10.0.40219.1
Project("{2150E333-8FDC-42A3-9474-1A3956D46DE8}") = "src", "src", "{A29E0BD5-4218-4F18-A057-44F24C14D73F}"
EndProject
Project("{FAE04EC0-301F-11D3-BF4B-00C04F79EFBC}") = "DesktopOrganizeMaxxing", "src\DesktopOrganizeMaxxing\DesktopOrganizeMaxxing.csproj", "{28649DB0-8C0E-4505-B71D-10670B0A8060}"
EndProject
Global
	GlobalSection(SolutionConfigurationPlatforms) = preSolution
		Debug|Any CPU = Debug|Any CPU
		Release|Any CPU = Release|Any CPU
	EndGlobalSection
	GlobalSection(SolutionProperties) = preSolution
		HideSolutionNode = FALSE
	EndGlobalSection
	GlobalSection(ProjectConfigurationPlatforms) = postSolution
		{28649DB0-8C0E-4505-B71D-10670B0A8060}.Debug|Any CPU.ActiveCfg = Debug|Any CPU
		{28649DB0-8C0E-4505-B71D-10670B0A8060}.Debug|Any CPU.Build.0 = Debug|Any CPU
		{28649DB0-8C0E-4505-B71D-10670B0A8060}.Release|Any CPU.ActiveCfg = Release|Any CPU
		{28649DB0-8C0E-4505-B71D-10670B0A8060}.Release|Any CPU.Build.0 = Release|Any CPU
	EndGlobalSection
	GlobalSection(NestedProjects) = preSolution
		{28649DB0-8C0E-4505-B71D-10670B0A8060} = {A29E0BD5-4218-4F18-A057-44F24C14D73F}
	EndGlobalSection
EndGlobal
